PODS:
  - Amplify (1.30.1):
    - Amplify/Default (= 1.30.1)
  - Amplify/Default (1.30.1)
  - AmplifyPlugins/AWSCognitoAuthPlugin (1.30.1):
    - AWSAuthCore (~> 2.31.0)
    - AWSCognitoIdentityProvider (~> 2.31.0)
    - AWSCognitoIdentityProviderASF (~> 2.31.0)
    - AWSCore (~> 2.31.0)
    - AWSMobileClient (~> 2.31.0)
    - AWSPluginsCore (= 1.30.1)
  - AWSAuthCore (2.31.1):
    - AWSCore (= 2.31.1)
  - AWSCognitoIdentityProvider (2.31.1):
    - AWSCognitoIdentityProviderASF (= 2.31.1)
    - AWSCore (= 2.31.1)
  - AWSCognitoIdentityProviderASF (2.31.1):
    - AWSCore (= 2.31.1)
  - AWSCore (2.31.1)
  - AWSMobileClient (2.31.1):
    - AWSAuthCore (= 2.31.1)
    - AWSCognitoIdentityProvider (= 2.31.1)
    - AWSCognitoIdentityProviderASF (= 2.31.1)
    - AWSCore (= 2.31.1)
  - AWSPluginsCore (1.30.1):
    - Amplify (= 1.30.1)
    - AWSCore (~> 2.31.0)
  - BaseAPI (0.2.1)
  - CrowdinSDK (1.5.2):
    - CrowdinSDK/Core (= 1.5.2)
    - CrowdinSDK/CrowdinProvider (= 1.5.2)
  - CrowdinSDK/Core (1.5.2):
    - CrowdinSDK/CrowdinFileSystem
  - CrowdinSDK/CrowdinAPI (1.5.2):
    - BaseAPI (~> 0.2.1)
    - CrowdinSDK/Core
  - CrowdinSDK/CrowdinFileSystem (1.5.2)
  - CrowdinSDK/CrowdinProvider (1.5.2):
    - CrowdinSDK/Core
    - CrowdinSDK/CrowdinAPI
    - CrowdinSDK/CrowdinFileSystem
  - ExytePopupView (2.5.1)
  - lottie-ios (4.2.0)
  - SwiftLint (0.52.2)

DEPENDENCIES:
  - Amplify
  - AmplifyPlugins/AWSCognitoAuthPlugin
  - CrowdinSDK
  - ExytePopupView
  - lottie-ios
  - SwiftLint

SPEC REPOS:
  trunk:
    - Amplify
    - AmplifyPlugins
    - AWSAuthCore
    - AWSCognitoIdentityProvider
    - AWSCognitoIdentityProviderASF
    - AWSCore
    - AWSMobileClient
    - AWSPluginsCore
    - BaseAPI
    - CrowdinSDK
    - ExytePopupView
    - lottie-ios
    - SwiftLint

SPEC CHECKSUMS:
  Amplify: 374e7d1fce6c00c79521d70f17b8551a3731ab6c
  AmplifyPlugins: 95220ee494b26d4cb7bc49aa4704c98a01ea47b3
  AWSAuthCore: efed26af355360a00b84fc9251ce3e3beeecac92
  AWSCognitoIdentityProvider: 63dda7bea693a2b0e76229c40a82a8a4199e4487
  AWSCognitoIdentityProviderASF: a7323a914ab660c625b71a05d338230dcfee3d2e
  AWSCore: 3fa19af1810d4430cfb735cc5323b68d8674fb5b
  AWSMobileClient: 5605350f3e9c0ee6d1f2b2a1a0b8aa2954aef6cb
  AWSPluginsCore: 096ad6e06655ee6a5e9fbe6e5a7932ed8248ce01
  BaseAPI: 7a3abac9fa1e19147a5c87dcfbb1829a584cd1ca
  CrowdinSDK: 4f9782e8fd470b73599760b8de5d9a5d8eebca1a
  ExytePopupView: 188f183bac17b219dfcd89614e5e4ac19b005c6f
  lottie-ios: 809ecf2d460ed650a6aed7aa88b2ec45fab4779c
  SwiftLint: 1ac76dac888ca05cb0cf24d0c85887ec1209961d

PODFILE CHECKSUM: d98d6825d4497cc42aa66ec7f5975748267d06f1

COCOAPODS: 1.12.1
